
Microsoft Visual Studio Solution File, Format Version 12.00
# Visual Studio Version 17
VisualStudioVersion = 17.9.34728.123
MinimumVisualStudioVersion = 10.0.40219.1
Project("{FAE04EC0-301F-11D3-BF4B-00C04F79EFBC}") = "PrintableFormApp", "PrintableFormApp\PrintableFormApp.csproj", "{B1B8F442-6F3C-4278-B6C1-F51D04D9134D}"
EndProject
Global
	GlobalSection(SolutionConfigurationPlatforms) = preSolution
		Debug|Any CPU = Debug|Any CPU
		Release|Any CPU = Release|Any CPU
	EndGlobalSection
	GlobalSection(ProjectConfigurationPlatforms) = postSolution
		{B1B8F442-6F3C-4278-B6C1-F51D04D9134D}.Debug|Any CPU.ActiveCfg = Debug|Any CPU
		{B1B8F442-6F3C-4278-B6C1-F51D04D9134D}.Debug|Any CPU.Build.0 = Debug|Any CPU
		{B1B8F442-6F3C-4278-B6C1-F51D04D9134D}.Release|Any CPU.ActiveCfg = Release|Any CPU
		{B1B8F442-6F3C-4278-B6C1-F51D04D9134D}.Release|Any CPU.Build.0 = Release|Any CPU
	EndGlobalSection
	GlobalSection(SolutionProperties) = preSolution
		HideSolutionNode = FALSE
	EndGlobalSection
	GlobalSection(ExtensibilityGlobals) = postSolution
		SolutionGuid = {D231B11A-3A0F-477E-865A-8CDFFC4D28F5}
	EndGlobalSection
EndGlobal
